
Microsoft Visual Studio Solution File, Format Version 12.00
# Visual Studio Version 17
VisualStudioVersion = 17.6.33723.286
MinimumVisualStudioVersion = 10.0.40219.1
Project("{9A19103F-16F7-4668-BE54-9A1E7A4F7556}") = "Puissance4", "Morpion\Puissance4.csproj", "{7343046B-E296-4526-9212-BAD42E4A0E02}"
EndProject
Project("{9A19103F-16F7-4668-BE54-9A1E7A4F7556}") = "Puissance4.ViewModel", "Morpion.ViewModel\Puissance4.ViewModel.csproj", "{D698807C-AB6B-457C-8238-179201FE13F6}"
EndProject
Global
	GlobalSection(SolutionConfigurationPlatforms) = preSolution
		Debug|Any CPU = Debug|Any CPU
		Release|Any CPU = Release|Any CPU
	EndGlobalSection
	GlobalSection(ProjectConfigurationPlatforms) = postSolution
		{7343046B-E296-4526-9212-BAD42E4A0E02}.Debug|Any CPU.ActiveCfg = Debug|Any CPU
		{7343046B-E296-4526-9212-BAD42E4A0E02}.Debug|Any CPU.Build.0 = Debug|Any CPU
		{7343046B-E296-4526-9212-BAD42E4A0E02}.Release|Any CPU.ActiveCfg = Release|Any CPU
		{7343046B-E296-4526-9212-BAD42E4A0E02}.Release|Any CPU.Build.0 = Release|Any CPU
		{D698807C-AB6B-457C-8238-179201FE13F6}.Debug|Any CPU.ActiveCfg = Debug|Any CPU
		{D698807C-AB6B-457C-8238-179201FE13F6}.Debug|Any CPU.Build.0 = Debug|Any CPU
		{D698807C-AB6B-457C-8238-179201FE13F6}.Release|Any CPU.ActiveCfg = Release|Any CPU
		{D698807C-AB6B-457C-8238-179201FE13F6}.Release|Any CPU.Build.0 = Release|Any CPU
	EndGlobalSection
	GlobalSection(SolutionProperties) = preSolution
		HideSolutionNode = FALSE
	EndGlobalSection
	GlobalSection(ExtensibilityGlobals) = postSolution
		SolutionGuid = {30157903-8B45-49C6-975B-5B5C62B8332C}
	EndGlobalSection
EndGlobal
